
Microsoft Visual Studio Solution File, Format Version 12.00
# Visual Studio Version 17
VisualStudioVersion = 17.5.33502.453
MinimumVisualStudioVersion = 10.0.40219.1
Project("{FAE04EC0-301F-11D3-BF4B-00C04F79EFBC}") = "Car Bluetooth V1", "Car Bluetooth V1\Car Bluetooth V1.csproj", "{93781404-9BC8-4C25-B9F7-758A0025D8D2}"
EndProject
Global
	GlobalSection(SolutionConfigurationPlatforms) = preSolution
		Debug|Any CPU = Debug|Any CPU
		Debug|ARM64 = Debug|ARM64
		Debug|x64 = Debug|x64
		Release|Any CPU = Release|Any CPU
		Release|ARM64 = Release|ARM64
		Release|x64 = Release|x64
	EndGlobalSection
	GlobalSection(ProjectConfigurationPlatforms) = postSolution
		{93781404-9BC8-4C25-B9F7-758A0025D8D2}.Debug|Any CPU.ActiveCfg = Debug|Any CPU
		{93781404-9BC8-4C25-B9F7-758A0025D8D2}.Debug|Any CPU.Build.0 = Debug|Any CPU
		{93781404-9BC8-4C25-B9F7-758A0025D8D2}.Debug|ARM64.ActiveCfg = Debug|ARM64
		{93781404-9BC8-4C25-B9F7-758A0025D8D2}.Debug|ARM64.Build.0 = Debug|ARM64
		{93781404-9BC8-4C25-B9F7-758A0025D8D2}.Debug|x64.ActiveCfg = Debug|x64
		{93781404-9BC8-4C25-B9F7-758A0025D8D2}.Debug|x64.Build.0 = Debug|x64
		{93781404-9BC8-4C25-B9F7-758A0025D8D2}.Release|Any CPU.ActiveCfg = Release|Any CPU
		{93781404-9BC8-4C25-B9F7-758A0025D8D2}.Release|Any CPU.Build.0 = Release|Any CPU
		{93781404-9BC8-4C25-B9F7-758A0025D8D2}.Release|ARM64.ActiveCfg = Release|ARM64
		{93781404-9BC8-4C25-B9F7-758A0025D8D2}.Release|ARM64.Build.0 = Release|ARM64
		{93781404-9BC8-4C25-B9F7-758A0025D8D2}.Release|x64.ActiveCfg = Release|x64
		{93781404-9BC8-4C25-B9F7-758A0025D8D2}.Release|x64.Build.0 = Release|x64
	EndGlobalSection
	GlobalSection(SolutionProperties) = preSolution
		HideSolutionNode = FALSE
	EndGlobalSection
	GlobalSection(ExtensibilityGlobals) = postSolution
		SolutionGuid = {74EEE140-71DD-4FD9-BC41-B413CAFC7A62}
	EndGlobalSection
EndGlobal
